
Microsoft Visual Studio Solution File, Format Version 12.00
# Visual Studio 15
VisualStudioVersion = 15.0.28307.757
MinimumVisualStudioVersion = 10.0.40219.1
Project("{FAE04EC0-301F-11D3-BF4B-00C04F79EFBC}") = "串口程序", "串口程序\串口程序.csproj", "{488F08FA-BA6E-4A6D-A5F1-2C5C2C22DDC7}"
EndProject
Global
	GlobalSection(SolutionConfigurationPlatforms) = preSolution
		Debug|Any CPU = Debug|Any CPU
		Release|Any CPU = Release|Any CPU
	EndGlobalSection
	GlobalSection(ProjectConfigurationPlatforms) = postSolution
		{488F08FA-BA6E-4A6D-A5F1-2C5C2C22DDC7}.Debug|Any CPU.ActiveCfg = Debug|Any CPU
		{488F08FA-BA6E-4A6D-A5F1-2C5C2C22DDC7}.Debug|Any CPU.Build.0 = Debug|Any CPU
		{488F08FA-BA6E-4A6D-A5F1-2C5C2C22DDC7}.Release|Any CPU.ActiveCfg = Release|Any CPU
		{488F08FA-BA6E-4A6D-A5F1-2C5C2C22DDC7}.Release|Any CPU.Build.0 = Release|Any CPU
	EndGlobalSection
	GlobalSection(SolutionProperties) = preSolution
		HideSolutionNode = FALSE
	EndGlobalSection
	GlobalSection(ExtensibilityGlobals) = postSolution
		SolutionGuid = {8AA1342B-E85B-41C9-9B0B-7E940682A6DE}
	EndGlobalSection
EndGlobal
